
Microsoft Visual Studio Solution File, Format Version 12.00
Project("{FAE04EC0-301F-11D3-BF4B-00C04F79EFBC}") = "RaylibArteSonat", "RaylibArteSonat\RaylibArteSonat.csproj", "{9B5EC3AA-F3D0-44FD-915F-A62C1120B3FF}"
EndProject
Project("{FAE04EC0-301F-11D3-BF4B-00C04F79EFBC}") = "ResourcesGenerator", "ResourcesGenerator\ResourcesGenerator.csproj", "{F71F7388-9A86-4ABB-88F7-11F393D207A6}"
EndProject
Global
	GlobalSection(SolutionConfigurationPlatforms) = preSolution
		Debug|Any CPU = Debug|Any CPU
		Release|Any CPU = Release|Any CPU
	EndGlobalSection
	GlobalSection(ProjectConfigurationPlatforms) = postSolution
		{9B5EC3AA-F3D0-44FD-915F-A62C1120B3FF}.Debug|Any CPU.ActiveCfg = Debug|Any CPU
		{9B5EC3AA-F3D0-44FD-915F-A62C1120B3FF}.Debug|Any CPU.Build.0 = Debug|Any CPU
		{9B5EC3AA-F3D0-44FD-915F-A62C1120B3FF}.Release|Any CPU.ActiveCfg = Release|Any CPU
		{9B5EC3AA-F3D0-44FD-915F-A62C1120B3FF}.Release|Any CPU.Build.0 = Release|Any CPU
		{F71F7388-9A86-4ABB-88F7-11F393D207A6}.Debug|Any CPU.ActiveCfg = Debug|Any CPU
		{F71F7388-9A86-4ABB-88F7-11F393D207A6}.Debug|Any CPU.Build.0 = Debug|Any CPU
		{F71F7388-9A86-4ABB-88F7-11F393D207A6}.Release|Any CPU.ActiveCfg = Release|Any CPU
		{F71F7388-9A86-4ABB-88F7-11F393D207A6}.Release|Any CPU.Build.0 = Release|Any CPU
	EndGlobalSection
EndGlobal
